
Microsoft Visual Studio Solution File, Format Version 12.00
# Visual Studio Version 17
VisualStudioVersion = 17.7.34221.43
MinimumVisualStudioVersion = 10.0.40219.1
Project("{FAE04EC0-301F-11D3-BF4B-00C04F79EFBC}") = "NextGreaterPermutation", "NextGreaterPermutation\NextGreaterPermutation.csproj", "{FF6EF7DE-866C-4FEC-80DE-6CE2376F39C5}"
EndProject
Project("{FAE04EC0-301F-11D3-BF4B-00C04F79EFBC}") = "PermutationTests", "PermutationTests\PermutationTests.csproj", "{202EF9F9-C2D8-4E5F-88DF-BC635D9B842B}"
	ProjectSection(ProjectDependencies) = postProject
		{FF6EF7DE-866C-4FEC-80DE-6CE2376F39C5} = {FF6EF7DE-866C-4FEC-80DE-6CE2376F39C5}
	EndProjectSection
EndProject
Global
	GlobalSection(SolutionConfigurationPlatforms) = preSolution
		Debug|Any CPU = Debug|Any CPU
		Release|Any CPU = Release|Any CPU
	EndGlobalSection
	GlobalSection(ProjectConfigurationPlatforms) = postSolution
		{FF6EF7DE-866C-4FEC-80DE-6CE2376F39C5}.Debug|Any CPU.ActiveCfg = Debug|Any CPU
		{FF6EF7DE-866C-4FEC-80DE-6CE2376F39C5}.Debug|Any CPU.Build.0 = Debug|Any CPU
		{FF6EF7DE-866C-4FEC-80DE-6CE2376F39C5}.Release|Any CPU.ActiveCfg = Release|Any CPU
		{FF6EF7DE-866C-4FEC-80DE-6CE2376F39C5}.Release|Any CPU.Build.0 = Release|Any CPU
		{202EF9F9-C2D8-4E5F-88DF-BC635D9B842B}.Debug|Any CPU.ActiveCfg = Debug|Any CPU
		{202EF9F9-C2D8-4E5F-88DF-BC635D9B842B}.Debug|Any CPU.Build.0 = Debug|Any CPU
		{202EF9F9-C2D8-4E5F-88DF-BC635D9B842B}.Release|Any CPU.ActiveCfg = Release|Any CPU
		{202EF9F9-C2D8-4E5F-88DF-BC635D9B842B}.Release|Any CPU.Build.0 = Release|Any CPU
	EndGlobalSection
	GlobalSection(SolutionProperties) = preSolution
		HideSolutionNode = FALSE
	EndGlobalSection
	GlobalSection(ExtensibilityGlobals) = postSolution
		SolutionGuid = {D5961528-19B1-48CD-B57D-5F987BCD0560}
	EndGlobalSection
EndGlobal
